
Microsoft Visual Studio Solution File, Format Version 12.00
# Visual Studio 2012
Project("{FAE04EC0-301F-11D3-BF4B-00C04F79EFBC}") = "KinectAppExample", "KinectAppExample\KinectAppExample.csproj", "{8DCBCC33-0C07-4501-AA74-4EF18141E177}"
EndProject
Project("{FAE04EC0-301F-11D3-BF4B-00C04F79EFBC}") = "Kinect.Toolbox", "Kinect.Toolbox\Kinect.Toolbox.csproj", "{EAB6FEB7-0F33-4052-A2EB-7AAE746EE2D9}"
EndProject
Global
	GlobalSection(SolutionConfigurationPlatforms) = preSolution
		Debug|Any CPU = Debug|Any CPU
		Release|Any CPU = Release|Any CPU
	EndGlobalSection
	GlobalSection(ProjectConfigurationPlatforms) = postSolution
		{8DCBCC33-0C07-4501-AA74-4EF18141E177}.Debug|Any CPU.ActiveCfg = Debug|Any CPU
		{8DCBCC33-0C07-4501-AA74-4EF18141E177}.Debug|Any CPU.Build.0 = Debug|Any CPU
		{8DCBCC33-0C07-4501-AA74-4EF18141E177}.Release|Any CPU.ActiveCfg = Release|Any CPU
		{8DCBCC33-0C07-4501-AA74-4EF18141E177}.Release|Any CPU.Build.0 = Release|Any CPU
		{EAB6FEB7-0F33-4052-A2EB-7AAE746EE2D9}.Debug|Any CPU.ActiveCfg = Debug|Any CPU
		{EAB6FEB7-0F33-4052-A2EB-7AAE746EE2D9}.Debug|Any CPU.Build.0 = Debug|Any CPU
		{EAB6FEB7-0F33-4052-A2EB-7AAE746EE2D9}.Release|Any CPU.ActiveCfg = Release|Any CPU
		{EAB6FEB7-0F33-4052-A2EB-7AAE746EE2D9}.Release|Any CPU.Build.0 = Release|Any CPU
	EndGlobalSection
	GlobalSection(SolutionProperties) = preSolution
		HideSolutionNode = FALSE
	EndGlobalSection
EndGlobal
